
Microsoft Visual Studio Solution File, Format Version 12.00
# Visual Studio Version 16
VisualStudioVersion = 16.0.32413.511
MinimumVisualStudioVersion = 10.0.40219.1
Project("{9A19103F-16F7-4668-BE54-9A1E7A4F7556}") = "northwind-for-sqlserver", "northwind-for-sqlserver\northwind-for-sqlserver.csproj", "{4C0CEDD7-9610-41D2-A988-1FA921BBCFB1}"
EndProject
Global
	GlobalSection(SolutionConfigurationPlatforms) = preSolution
		Debug|Any CPU = Debug|Any CPU
		Release|Any CPU = Release|Any CPU
	EndGlobalSection
	GlobalSection(ProjectConfigurationPlatforms) = postSolution
		{4C0CEDD7-9610-41D2-A988-1FA921BBCFB1}.Debug|Any CPU.ActiveCfg = Debug|Any CPU
		{4C0CEDD7-9610-41D2-A988-1FA921BBCFB1}.Debug|Any CPU.Build.0 = Debug|Any CPU
		{4C0CEDD7-9610-41D2-A988-1FA921BBCFB1}.Release|Any CPU.ActiveCfg = Release|Any CPU
		{4C0CEDD7-9610-41D2-A988-1FA921BBCFB1}.Release|Any CPU.Build.0 = Release|Any CPU
	EndGlobalSection
	GlobalSection(SolutionProperties) = preSolution
		HideSolutionNode = FALSE
	EndGlobalSection
	GlobalSection(ExtensibilityGlobals) = postSolution
		SolutionGuid = {2C6A7726-F253-490C-BE65-CB291C1CA1B9}
	EndGlobalSection
EndGlobal
