
Microsoft Visual Studio Solution File, Format Version 12.00
# Visual Studio Version 16
VisualStudioVersion = 16.0.32413.511
MinimumVisualStudioVersion = 10.0.40219.1
Project("{FAE04EC0-301F-11D3-BF4B-00C04F79EFBC}") = "GameProject", "GameProject\GameProject.csproj", "{51CCA880-DD77-4449-831F-2363D96FE04E}"
EndProject
Global
	GlobalSection(SolutionConfigurationPlatforms) = preSolution
		Debug|Any CPU = Debug|Any CPU
		Release|Any CPU = Release|Any CPU
	EndGlobalSection
	GlobalSection(ProjectConfigurationPlatforms) = postSolution
		{51CCA880-DD77-4449-831F-2363D96FE04E}.Debug|Any CPU.ActiveCfg = Debug|Any CPU
		{51CCA880-DD77-4449-831F-2363D96FE04E}.Debug|Any CPU.Build.0 = Debug|Any CPU
		{51CCA880-DD77-4449-831F-2363D96FE04E}.Release|Any CPU.ActiveCfg = Release|Any CPU
		{51CCA880-DD77-4449-831F-2363D96FE04E}.Release|Any CPU.Build.0 = Release|Any CPU
	EndGlobalSection
	GlobalSection(SolutionProperties) = preSolution
		HideSolutionNode = FALSE
	EndGlobalSection
	GlobalSection(ExtensibilityGlobals) = postSolution
		SolutionGuid = {BB28E4A4-F93D-4EBA-A756-72D75295718E}
	EndGlobalSection
EndGlobal
