
Microsoft Visual Studio Solution File, Format Version 12.00
# Visual Studio Version 16
VisualStudioVersion = 16.0.32413.511
MinimumVisualStudioVersion = 10.0.40219.1
Project("{FAE04EC0-301F-11D3-BF4B-00C04F79EFBC}") = "Calculator", "Calculator\Calculator.csproj", "{B6C1A15C-B9D8-4CA6-A415-9D5D34F6F93F}"
EndProject
Global
	GlobalSection(SolutionConfigurationPlatforms) = preSolution
		Debug|Any CPU = Debug|Any CPU
		Release|Any CPU = Release|Any CPU
	EndGlobalSection
	GlobalSection(ProjectConfigurationPlatforms) = postSolution
		{B6C1A15C-B9D8-4CA6-A415-9D5D34F6F93F}.Debug|Any CPU.ActiveCfg = Debug|Any CPU
		{B6C1A15C-B9D8-4CA6-A415-9D5D34F6F93F}.Debug|Any CPU.Build.0 = Debug|Any CPU
		{B6C1A15C-B9D8-4CA6-A415-9D5D34F6F93F}.Release|Any CPU.ActiveCfg = Release|Any CPU
		{B6C1A15C-B9D8-4CA6-A415-9D5D34F6F93F}.Release|Any CPU.Build.0 = Release|Any CPU
	EndGlobalSection
	GlobalSection(SolutionProperties) = preSolution
		HideSolutionNode = FALSE
	EndGlobalSection
	GlobalSection(ExtensibilityGlobals) = postSolution
		SolutionGuid = {BDE842D3-8C3B-4B7B-B2E7-E0C763129F1A}
	EndGlobalSection
EndGlobal
